
Microsoft Visual Studio Solution File, Format Version 12.00
# Visual Studio Version 17
VisualStudioVersion = 17.13.35825.156
MinimumVisualStudioVersion = 10.0.40219.1
Project("{FAE04EC0-301F-11D3-BF4B-00C04F79EFBC}") = "DictionaryList", "DictionaryList\DictionaryList.csproj", "{3FD3CB8C-C112-4FD4-88D4-2CFB5E805A70}"
EndProject
Project("{FAE04EC0-301F-11D3-BF4B-00C04F79EFBC}") = "DictionaryListTest", "DictionaryListTest\DictionaryListTest.csproj", "{1B9D0E3F-2BFF-409B-9897-8E665D133C67}"
EndProject
Global
	GlobalSection(SolutionConfigurationPlatforms) = preSolution
		Debug|Any CPU = Debug|Any CPU
		Release|Any CPU = Release|Any CPU
	EndGlobalSection
	GlobalSection(ProjectConfigurationPlatforms) = postSolution
		{3FD3CB8C-C112-4FD4-88D4-2CFB5E805A70}.Debug|Any CPU.ActiveCfg = Debug|Any CPU
		{3FD3CB8C-C112-4FD4-88D4-2CFB5E805A70}.Debug|Any CPU.Build.0 = Debug|Any CPU
		{3FD3CB8C-C112-4FD4-88D4-2CFB5E805A70}.Release|Any CPU.ActiveCfg = Release|Any CPU
		{3FD3CB8C-C112-4FD4-88D4-2CFB5E805A70}.Release|Any CPU.Build.0 = Release|Any CPU
		{1B9D0E3F-2BFF-409B-9897-8E665D133C67}.Debug|Any CPU.ActiveCfg = Debug|Any CPU
		{1B9D0E3F-2BFF-409B-9897-8E665D133C67}.Debug|Any CPU.Build.0 = Debug|Any CPU
		{1B9D0E3F-2BFF-409B-9897-8E665D133C67}.Release|Any CPU.ActiveCfg = Release|Any CPU
		{1B9D0E3F-2BFF-409B-9897-8E665D133C67}.Release|Any CPU.Build.0 = Release|Any CPU
	EndGlobalSection
	GlobalSection(SolutionProperties) = preSolution
		HideSolutionNode = FALSE
	EndGlobalSection
	GlobalSection(ExtensibilityGlobals) = postSolution
		SolutionGuid = {D401FB30-3C8E-4936-A149-09C69F05E9EC}
	EndGlobalSection
EndGlobal
